
Microsoft Visual Studio Solution File, Format Version 12.00
# Visual Studio Version 16
VisualStudioVersion = 16.0.29503.13
MinimumVisualStudioVersion = 10.0.40219.1
Project("{FAE04EC0-301F-11D3-BF4B-00C04F79EFBC}") = "BookListMVC", "BookListMVC.csproj", "{65A3E67E-9E4B-4241-8271-CCA724390BD2}"
EndProject
Global
	GlobalSection(SolutionConfigurationPlatforms) = preSolution
		Debug|Any CPU = Debug|Any CPU
		Release|Any CPU = Release|Any CPU
	EndGlobalSection
	GlobalSection(ProjectConfigurationPlatforms) = postSolution
		{65A3E67E-9E4B-4241-8271-CCA724390BD2}.Debug|Any CPU.ActiveCfg = Debug|Any CPU
		{65A3E67E-9E4B-4241-8271-CCA724390BD2}.Debug|Any CPU.Build.0 = Debug|Any CPU
		{65A3E67E-9E4B-4241-8271-CCA724390BD2}.Release|Any CPU.ActiveCfg = Release|Any CPU
		{65A3E67E-9E4B-4241-8271-CCA724390BD2}.Release|Any CPU.Build.0 = Release|Any CPU
	EndGlobalSection
	GlobalSection(SolutionProperties) = preSolution
		HideSolutionNode = FALSE
	EndGlobalSection
	GlobalSection(ExtensibilityGlobals) = postSolution
		SolutionGuid = {303D968B-2420-4F98-A6D2-79FF53F69F8F}
	EndGlobalSection
EndGlobal
