
Microsoft Visual Studio Solution File, Format Version 12.00
# Visual Studio Version 16
VisualStudioVersion = 16.0.29503.13
MinimumVisualStudioVersion = 10.0.40219.1
Project("{FAE04EC0-301F-11D3-BF4B-00C04F79EFBC}") = "WebApi", "WebApi.csproj", "{463CB91F-7CB0-42FE-B71C-1314BAC82EE3}"
EndProject
Global
	GlobalSection(SolutionConfigurationPlatforms) = preSolution
		Debug|Any CPU = Debug|Any CPU
		Release|Any CPU = Release|Any CPU
	EndGlobalSection
	GlobalSection(ProjectConfigurationPlatforms) = postSolution
		{463CB91F-7CB0-42FE-B71C-1314BAC82EE3}.Debug|Any CPU.ActiveCfg = Debug|Any CPU
		{463CB91F-7CB0-42FE-B71C-1314BAC82EE3}.Debug|Any CPU.Build.0 = Debug|Any CPU
		{463CB91F-7CB0-42FE-B71C-1314BAC82EE3}.Release|Any CPU.ActiveCfg = Release|Any CPU
		{463CB91F-7CB0-42FE-B71C-1314BAC82EE3}.Release|Any CPU.Build.0 = Release|Any CPU
	EndGlobalSection
	GlobalSection(SolutionProperties) = preSolution
		HideSolutionNode = FALSE
	EndGlobalSection
	GlobalSection(ExtensibilityGlobals) = postSolution
		SolutionGuid = {68047E0C-D714-44AC-8430-D0DC0C0560A2}
	EndGlobalSection
EndGlobal
