
Microsoft Visual Studio Solution File, Format Version 12.00
# Visual Studio Version 16
VisualStudioVersion = 16.0.29503.13
MinimumVisualStudioVersion = 10.0.40219.1
Project("{FAE04EC0-301F-11D3-BF4B-00C04F79EFBC}") = "BookListRazor", "BookListRazor.csproj", "{1A19798E-092B-4A5A-9BAA-117E83D14E84}"
EndProject
Global
	GlobalSection(SolutionConfigurationPlatforms) = preSolution
		Debug|Any CPU = Debug|Any CPU
		Release|Any CPU = Release|Any CPU
	EndGlobalSection
	GlobalSection(ProjectConfigurationPlatforms) = postSolution
		{1A19798E-092B-4A5A-9BAA-117E83D14E84}.Debug|Any CPU.ActiveCfg = Debug|Any CPU
		{1A19798E-092B-4A5A-9BAA-117E83D14E84}.Debug|Any CPU.Build.0 = Debug|Any CPU
		{1A19798E-092B-4A5A-9BAA-117E83D14E84}.Release|Any CPU.ActiveCfg = Release|Any CPU
		{1A19798E-092B-4A5A-9BAA-117E83D14E84}.Release|Any CPU.Build.0 = Release|Any CPU
	EndGlobalSection
	GlobalSection(SolutionProperties) = preSolution
		HideSolutionNode = FALSE
	EndGlobalSection
	GlobalSection(ExtensibilityGlobals) = postSolution
		SolutionGuid = {D56F9E55-E24C-4610-8DAE-5E4D43A878E7}
	EndGlobalSection
EndGlobal
