
Microsoft Visual Studio Solution File, Format Version 12.00
# Visual Studio Version 16
VisualStudioVersion = 16.0.29503.13
MinimumVisualStudioVersion = 10.0.40219.1
Project("{FAE04EC0-301F-11D3-BF4B-00C04F79EFBC}") = "ParkyAPI", "ParkyAPI\ParkyAPI.csproj", "{EC644FB4-97AC-411B-84F2-EF990A87C68E}"
EndProject
Global
	GlobalSection(SolutionConfigurationPlatforms) = preSolution
		Debug|Any CPU = Debug|Any CPU
		Release|Any CPU = Release|Any CPU
	EndGlobalSection
	GlobalSection(ProjectConfigurationPlatforms) = postSolution
		{EC644FB4-97AC-411B-84F2-EF990A87C68E}.Debug|Any CPU.ActiveCfg = Debug|Any CPU
		{EC644FB4-97AC-411B-84F2-EF990A87C68E}.Debug|Any CPU.Build.0 = Debug|Any CPU
		{EC644FB4-97AC-411B-84F2-EF990A87C68E}.Release|Any CPU.ActiveCfg = Release|Any CPU
		{EC644FB4-97AC-411B-84F2-EF990A87C68E}.Release|Any CPU.Build.0 = Release|Any CPU
	EndGlobalSection
	GlobalSection(SolutionProperties) = preSolution
		HideSolutionNode = FALSE
	EndGlobalSection
	GlobalSection(ExtensibilityGlobals) = postSolution
		SolutionGuid = {1E6CE66A-15A8-42E5-AA8F-6CB3363CD735}
	EndGlobalSection
EndGlobal
